
Microsoft Visual Studio Solution File, Format Version 12.00
Project("{FAE04EC0-301F-11D3-BF4B-00C04F79EFBC}") = "MatrixByVectorMPIMultiplicator.Console", "MatrixByVectorMPIMultiplicator.Console\MatrixByVectorMPIMultiplicator.Console.csproj", "{DB5F5F22-95D8-4579-A502-B893232FF00E}"
EndProject
Global
	GlobalSection(SolutionConfigurationPlatforms) = preSolution
		Debug|Any CPU = Debug|Any CPU
		Release|Any CPU = Release|Any CPU
	EndGlobalSection
	GlobalSection(ProjectConfigurationPlatforms) = postSolution
		{DB5F5F22-95D8-4579-A502-B893232FF00E}.Debug|Any CPU.ActiveCfg = Debug|Any CPU
		{DB5F5F22-95D8-4579-A502-B893232FF00E}.Debug|Any CPU.Build.0 = Debug|Any CPU
		{DB5F5F22-95D8-4579-A502-B893232FF00E}.Release|Any CPU.ActiveCfg = Release|Any CPU
		{DB5F5F22-95D8-4579-A502-B893232FF00E}.Release|Any CPU.Build.0 = Release|Any CPU
	EndGlobalSection
EndGlobal
